
Microsoft Visual Studio Solution File, Format Version 12.00
# Visual Studio Version 17
VisualStudioVersion = 17.11.35208.52
MinimumVisualStudioVersion = 10.0.40219.1
Project("{9A19103F-16F7-4668-BE54-9A1E7A4F7556}") = "AzureStorageFunctionApp", "AzureStorageFunctionApp.csproj", "{CE7F2187-B689-4068-81F2-F11FD5349D97}"
EndProject
Global
	GlobalSection(SolutionConfigurationPlatforms) = preSolution
		Debug|Any CPU = Debug|Any CPU
		Release|Any CPU = Release|Any CPU
	EndGlobalSection
	GlobalSection(ProjectConfigurationPlatforms) = postSolution
		{CE7F2187-B689-4068-81F2-F11FD5349D97}.Debug|Any CPU.ActiveCfg = Debug|Any CPU
		{CE7F2187-B689-4068-81F2-F11FD5349D97}.Debug|Any CPU.Build.0 = Debug|Any CPU
		{CE7F2187-B689-4068-81F2-F11FD5349D97}.Release|Any CPU.ActiveCfg = Release|Any CPU
		{CE7F2187-B689-4068-81F2-F11FD5349D97}.Release|Any CPU.Build.0 = Release|Any CPU
	EndGlobalSection
	GlobalSection(SolutionProperties) = preSolution
		HideSolutionNode = FALSE
	EndGlobalSection
	GlobalSection(ExtensibilityGlobals) = postSolution
		SolutionGuid = {A548A866-F40A-4776-ACCC-DF41C2682728}
	EndGlobalSection
EndGlobal
